
Microsoft Visual Studio Solution File, Format Version 12.00
# Visual Studio Version 17
VisualStudioVersion = 17.14.36310.24 d17.14
MinimumVisualStudioVersion = 10.0.40219.1
Project("{FAE04EC0-301F-11D3-BF4B-00C04F79EFBC}") = "SEP-Sample", "SEP-Sample.csproj", "{D7FABED6-9522-452F-8FAC-3C4D3C21C70D}"
EndProject
Global
	GlobalSection(SolutionConfigurationPlatforms) = preSolution
		Debug|Any CPU = Debug|Any CPU
		Release|Any CPU = Release|Any CPU
	EndGlobalSection
	GlobalSection(ProjectConfigurationPlatforms) = postSolution
		{D7FABED6-9522-452F-8FAC-3C4D3C21C70D}.Debug|Any CPU.ActiveCfg = Debug|Any CPU
		{D7FABED6-9522-452F-8FAC-3C4D3C21C70D}.Debug|Any CPU.Build.0 = Debug|Any CPU
		{D7FABED6-9522-452F-8FAC-3C4D3C21C70D}.Release|Any CPU.ActiveCfg = Release|Any CPU
		{D7FABED6-9522-452F-8FAC-3C4D3C21C70D}.Release|Any CPU.Build.0 = Release|Any CPU
	EndGlobalSection
	GlobalSection(SolutionProperties) = preSolution
		HideSolutionNode = FALSE
	EndGlobalSection
	GlobalSection(ExtensibilityGlobals) = postSolution
		SolutionGuid = {BE5E0AC5-79EB-492A-9C7D-AC6AB23D2D6C}
	EndGlobalSection
EndGlobal
